// !$*UTF8*$!
{
	archiveVersion = 1;
	classes = {
	};
	objectVersion = 48;
	objects = {

/* Begin PBXBuildFile section */
		DDA8B0CB2050AAE200252025 /* AppDelegate.swift in Sources */ = {isa = PBXBuildFile; fileRef = DDA8B0CA2050AAE200252025 /* AppDelegate.swift */; };
		DDA8B0CD2050AAE200252025 /* ViewController.swift in Sources */ = {isa = PBXBuildFile; fileRef = DDA8B0CC2050AAE200252025 /* ViewController.swift */; };
		DDA8B0D02050AAE200252025 /* Main.storyboard in Resources */ = {isa = PBXBuildFile; fileRef = DDA8B0CE2050AAE200252025 /* Main.storyboard */; };
		DDA8B0D22050AAE200252025 /* Assets.xcassets in Resources */ = {isa = PBXBuildFile; fileRef = DDA8B0D12050AAE200252025 /* Assets.xcassets */; };
		DDA8B0D52050AAE200252025 /* LaunchScreen.storyboard in Resources */ = {isa = PBXBuildFile; fileRef = DDA8B0D32050AAE200252025 /* LaunchScreen.storyboard */; };
		DDA8B0E02050AAE200252025 /* greatnumbergameTests.swift in Sources */ = {isa = PBXBuildFile; fileRef = DDA8B0DF2050AAE200252025 /* greatnumbergameTests.swift */; };
		DDA8B0EB2050AAE200252025 /* greatnumbergameUITests.swift in Sources */ = {isa = PBXBuildFile; fileRef = DDA8B0EA2050AAE200252025 /* greatnumbergameUITests.swift */; };
/* End PBXBuildFile section */

/* Begin PBXContainerItemProxy section */
		DDA8B0DC2050AAE200252025 /* PBXContainerItemProxy */ = {
			isa = PBXContainerItemProxy;
			containerPortal = DDA8B0BF2050AAE200252025 /* Project object */;
			proxyType = 1;
			remoteGlobalIDString = DDA8B0C62050AAE200252025;
			remoteInfo = greatnumbergame;
		};
		DDA8B0E72050AAE200252025 /* PBXContainerItemProxy */ = {
			isa = PBXContainerItemProxy;
			containerPortal = DDA8B0BF2050AAE200252025 /* Project object */;
			proxyType = 1;
			remoteGlobalIDString = DDA8B0C62050AAE200252025;
			remoteInfo = greatnumbergame;
		};
/* End PBXContainerItemProxy section */

/* Begin PBXFileReference section */
		DDA8B0C72050AAE200252025 /* greatnumbergame.app */ = {isa = PBXFileReference; explicitFileType = wrapper.application; includeInIndex = 0; path = greatnumbergame.app; sourceTree = BUILT_PRODUCTS_DIR; };
		DDA8B0CA2050AAE200252025 /* AppDelegate.swift */ = {isa = PBXFileReference; lastKnownFileType = sourcecode.swift; path = AppDelegate.swift; sourceTree = "<group>"; };
		DDA8B0CC2050AAE200252025 /* ViewController.swift */ = {isa = PBXFileReference; lastKnownFileType = sourcecode.swift; path = ViewController.swift; sourceTree = "<group>"; };
		DDA8B0CF2050AAE200252025 /* Base */ = {isa = PBXFileReference; lastKnownFileType = file.storyboard; name = Base; path = Base.lproj/Main.storyboard; sourceTree = "<group>"; };
		DDA8B0D12050AAE200252025 /* Assets.xcassets */ = {isa = PBXFileReference; lastKnownFileType = folder.assetcatalog; path = Assets.xcassets; sourceTree = "<group>"; };
		DDA8B0D42050AAE200252025 /* Base */ = {isa = PBXFileReference; lastKnownFileType = file.storyboard; name = Base; path = Base.lproj/LaunchScreen.storyboard; sourceTree = "<group>"; };
		DDA8B0D62050AAE200252025 /* Info.plist */ = {isa = PBXFileReference; lastKnownFileType = text.plist.xml; path = Info.plist; sourceTree = "<group>"; };
		DDA8B0DB2050AAE200252025 /* greatnumbergameTests.xctest */ = {isa = PBXFileReference; explicitFileType = wrapper.cfbundle; includeInIndex = 0; path = greatnumbergameTests.xctest; sourceTree = BUILT_PRODUCTS_DIR; };
		DDA8B0DF2050AAE200252025 /* greatnumbergameTests.swift */ = {isa = PBXFileReference; lastKnownFileType = sourcecode.swift; path = greatnumbergameTests.swift; sourceTree = "<group>"; };
		DDA8B0E12050AAE200252025 /* Info.plist */ = {isa = PBXFileReference; lastKnownFileType = text.plist.xml; path = Info.plist; sourceTree = "<group>"; };
		DDA8B0E62050AAE200252025 /* greatnumbergameUITests.xctest */ = {isa = PBXFileReference; explicitFileType = wrapper.cfbundle; includeInIndex = 0; path = greatnumbergameUITests.xctest; sourceTree = BUILT_PRODUCTS_DIR; };
		DDA8B0EA2050AAE200252025 /* greatnumbergameUITests.swift */ = {isa = PBXFileReference; lastKnownFileType = sourcecode.swift; path = greatnumbergameUITests.swift; sourceTree = "<group>"; };
		DDA8B0EC2050AAE200252025 /* Info.plist */ = {isa = PBXFileReference; lastKnownFileType = text.plist.xml; path = Info.plist; sourceTree = "<group>"; };
/* End PBXFileReference section */

/* Begin PBXFrameworksBuildPhase section */
		DDA8B0C42050AAE200252025 /* Frameworks */ = {
			isa = PBXFrameworksBuildPhase;
			buildActionMask = 2147483647;
			files = (
			);
			runOnlyForDeploymentPostprocessing = 0;
		};
		DDA8B0D82050AAE200252025 /* Frameworks */ = {
			isa = PBXFrameworksBuildPhase;
			buildActionMask = 2147483647;
			files = (
			);
			runOnlyForDeploymentPostprocessing = 0;
		};
		DDA8B0E32050AAE200252025 /* Frameworks */ = {
			isa = PBXFrameworksBuildPhase;
			buildActionMask = 2147483647;
			files = (
			);
			runOnlyForDeploymentPostprocessing = 0;
		};
/* End PBXFrameworksBuildPhase section */

/* Begin PBXGroup section */
		DDA8B0BE2050AAE200252025 = {
			isa = PBXGroup;
			children = (
				DDA8B0C92050AAE200252025 /* greatnumbergame */,
				DDA8B0DE2050AAE200252025 /* greatnumbergameTests */,
				DDA8B0E92050AAE200252025 /* greatnumbergameUITests */,
				DDA8B0C82050AAE200252025 /* Products */,
			);
			sourceTree = "<group>";
		};
		DDA8B0C82050AAE200252025 /* Products */ = {
			isa = PBXGroup;
			children = (
				DDA8B0C72050AAE200252025 /* greatnumbergame.app */,
				DDA8B0DB2050AAE200252025 /* greatnumbergameTests.xctest */,
				DDA8B0E62050AAE200252025 /* greatnumbergameUITests.xctest */,
			);
			name = Products;
			sourceTree = "<group>";
		};
		DDA8B0C92050AAE200252025 /* greatnumbergame */ = {
			isa = PBXGroup;
			children = (
				DDA8B0CA2050AAE200252025 /* AppDelegate.swift */,
				DDA8B0CC2050AAE200252025 /* ViewController.swift */,
				DDA8B0CE2050AAE200252025 /* Main.storyboard */,
				DDA8B0D12050AAE200252025 /* Assets.xcassets */,
				DDA8B0D32050AAE200252025 /* LaunchScreen.storyboard */,
				DDA8B0D62050AAE200252025 /* Info.plist */,
			);
			path = greatnumbergame;
			sourceTree = "<group>";
		};
		DDA8B0DE2050AAE200252025 /* greatnumbergameTests */ = {
			isa = PBXGroup;
			children = (
				DDA8B0DF2050AAE200252025 /* greatnumbergameTests.swift */,
				DDA8B0E12050AAE200252025 /* Info.plist */,
			);
			path = greatnumbergameTests;
			sourceTree = "<group>";
		};
		DDA8B0E92050AAE200252025 /* greatnumbergameUITests */ = {
			isa = PBXGroup;
			children = (
				DDA8B0EA2050AAE200252025 /* greatnumbergameUITests.swift */,
				DDA8B0EC2050AAE200252025 /* Info.plist */,
			);
			path = greatnumbergameUITests;
			sourceTree = "<group>";
		};
/* End PBXGroup section */

/* Begin PBXNativeTarget section */
		DDA8B0C62050AAE200252025 /* greatnumbergame */ = {
			isa = PBXNativeTarget;
			buildConfigurationList = DDA8B0EF2050AAE200252025 /* Build configuration list for PBXNativeTarget "greatnumbergame" */;
			buildPhases = (
				DDA8B0C32050AAE200252025 /* Sources */,
				DDA8B0C42050AAE200252025 /* Frameworks */,
				DDA8B0C52050AAE200252025 /* Resources */,
			);
			buildRules = (
			);
			dependencies = (
			);
			name = greatnumbergame;
			productName = greatnumbergame;
			productReference = DDA8B0C72050AAE200252025 /* greatnumbergame.app */;
			productType = "com.apple.product-type.application";
		};
		DDA8B0DA2050AAE200252025 /* greatnumbergameTests */ = {
			isa = PBXNativeTarget;
			buildConfigurationList = DDA8B0F22050AAE200252025 /* Build configuration list for PBXNativeTarget "greatnumbergameTests" */;
			buildPhases = (
				DDA8B0D72050AAE200252025 /* Sources */,
				DDA8B0D82050AAE200252025 /* Frameworks */,
				DDA8B0D92050AAE200252025 /* Resources */,
			);
			buildRules = (
			);
			dependencies = (
				DDA8B0DD2050AAE200252025 /* PBXTargetDependency */,
			);
			name = greatnumbergameTests;
			productName = greatnumbergameTests;
			productReference = DDA8B0DB2050AAE200252025 /* greatnumbergameTests.xctest */;
			productType = "com.apple.product-type.bundle.unit-test";
		};
		DDA8B0E52050AAE200252025 /* greatnumbergameUITests */ = {
			isa = PBXNativeTarget;
			buildConfigurationList = DDA8B0F52050AAE200252025 /* Build configuration list for PBXNativeTarget "greatnumbergameUITests" */;
			buildPhases = (
				DDA8B0E22050AAE200252025 /* Sources */,
				DDA8B0E32050AAE200252025 /* Frameworks */,
				DDA8B0E42050AAE200252025 /* Resources */,
			);
			buildRules = (
			);
			dependencies = (
				DDA8B0E82050AAE200252025 /* PBXTargetDependency */,
			);
			name = greatnumbergameUITests;
			productName = greatnumbergameUITests;
			productReference = DDA8B0E62050AAE200252025 /* greatnumbergameUITests.xctest */;
			productType = "com.apple.product-type.bundle.ui-testing";
		};
/* End PBXNativeTarget section */

/* Begin PBXProject section */
		DDA8B0BF2050AAE200252025 /* Project object */ = {
			isa = PBXProject;
			attributes = {
				LastSwiftUpdateCheck = 0920;
				LastUpgradeCheck = 0920;
				ORGANIZATIONNAME = "Cesar Casil";
				TargetAttributes = {
					DDA8B0C62050AAE200252025 = {
						CreatedOnToolsVersion = 9.2;
						ProvisioningStyle = Automatic;
					};
					DDA8B0DA2050AAE200252025 = {
						CreatedOnToolsVersion = 9.2;
						ProvisioningStyle = Automatic;
						TestTargetID = DDA8B0C62050AAE200252025;
					};
					DDA8B0E52050AAE200252025 = {
						CreatedOnToolsVersion = 9.2;
						ProvisioningStyle = Automatic;
						TestTargetID = DDA8B0C62050AAE200252025;
					};
				};
			};
			buildConfigurationList = DDA8B0C22050AAE200252025 /* Build configuration list for PBXProject "greatnumbergame" */;
			compatibilityVersion = "Xcode 8.0";
			developmentRegion = en;
			hasScannedForEncodings = 0;
			knownRegions = (
				en,
				Base,
			);
			mainGroup = DDA8B0BE2050AAE200252025;
			productRefGroup = DDA8B0C82050AAE200252025 /* Products */;
			projectDirPath = "";
			projectRoot = "";
			targets = (
				DDA8B0C62050AAE200252025 /* greatnumbergame */,
				DDA8B0DA2050AAE200252025 /* greatnumbergameTests */,
				DDA8B0E52050AAE200252025 /* greatnumbergameUITests */,
			);
		};
/* End PBXProject section */

/* Begin PBXResourcesBuildPhase section */
		DDA8B0C52050AAE200252025 /* Resources */ = {
			isa = PBXResourcesBuildPhase;
			buildActionMask = 2147483647;
			files = (
				DDA8B0D52050AAE200252025 /* LaunchScreen.storyboard in Resources */,
				DDA8B0D22050AAE200252025 /* Assets.xcassets in Resources */,
				DDA8B0D02050AAE200252025 /* Main.storyboard in Resources */,
			);
			runOnlyForDeploymentPostprocessing = 0;
		};
		DDA8B0D92050AAE200252025 /* Resources */ = {
			isa = PBXResourcesBuildPhase;
			buildActionMask = 2147483647;
			files = (
			);
			runOnlyForDeploymentPostprocessing = 0;
		};
		DDA8B0E42050AAE200252025 /* Resources */ = {
			isa = PBXResourcesBuildPhase;
			buildActionMask = 2147483647;
			files = (
			);
			runOnlyForDeploymentPostprocessing = 0;
		};
/* End PBXResourcesBuildPhase section */

/* Begin PBXSourcesBuildPhase section */
		DDA8B0C32050AAE200252025 /* Sources */ = {
			isa = PBXSourcesBuildPhase;
			buildActionMask = 2147483647;
			files = (
				DDA8B0CD2050AAE200252025 /* ViewController.swift in Sources */,
				DDA8B0CB2050AAE200252025 /* AppDelegate.swift in Sources */,
			);
			runOnlyForDeploymentPostprocessing = 0;
		};
		DDA8B0D72050AAE200252025 /* Sources */ = {
			isa = PBXSourcesBuildPhase;
			buildActionMask = 2147483647;
			files = (
				DDA8B0E02050AAE200252025 /* greatnumbergameTests.swift in Sources */,
			);
			runOnlyForDeploymentPostprocessing = 0;
		};
		DDA8B0E22050AAE200252025 /* Sources */ = {
			isa = PBXSourcesBuildPhase;
			buildActionMask = 2147483647;
			files = (
				DDA8B0EB2050AAE200252025 /* greatnumbergameUITests.swift in Sources */,
			);
			runOnlyForDeploymentPostprocessing = 0;
		};
/* End PBXSourcesBuildPhase section */

/* Begin PBXTargetDependency section */
		DDA8B0DD2050AAE200252025 /* PBXTargetDependency */ = {
			isa = PBXTargetDependency;
			target = DDA8B0C62050AAE200252025 /* greatnumbergame */;
			targetProxy = DDA8B0DC2050AAE200252025 /* PBXContainerItemProxy */;
		};
		DDA8B0E82050AAE200252025 /* PBXTargetDependency */ = {
			isa = PBXTargetDependency;
			target = DDA8B0C62050AAE200252025 /* greatnumbergame */;
			targetProxy = DDA8B0E72050AAE200252025 /* PBXContainerItemProxy */;
		};
/* End PBXTargetDependency section */

/* Begin PBXVariantGroup section */
		DDA8B0CE2050AAE200252025 /* Main.storyboard */ = {
			isa = PBXVariantGroup;
			children = (
				DDA8B0CF2050AAE200252025 /* Base */,
			);
			name = Main.storyboard;
			sourceTree = "<group>";
		};
		DDA8B0D32050AAE200252025 /* LaunchScreen.storyboard */ = {
			isa = PBXVariantGroup;
			children = (
				DDA8B0D42050AAE200252025 /* Base */,
			);
			name = LaunchScreen.storyboard;
			sourceTree = "<group>";
		};
/* End PBXVariantGroup section */

/* Begin XCBuildConfiguration section */
		DDA8B0ED2050AAE200252025 /* Debug */ = {
			isa = XCBuildConfiguration;
			buildSettings = {
				ALWAYS_SEARCH_USER_PATHS = NO;
				CLANG_ANALYZER_NONNULL = YES;
				CLANG_ANALYZER_NUMBER_OBJECT_CONVERSION = YES_AGGRESSIVE;
				CLANG_CXX_LANGUAGE_STANDARD = "gnu++14";
				CLANG_CXX_LIBRARY = "libc++";
				CLANG_ENABLE_MODULES = YES;
				CLANG_ENABLE_OBJC_ARC = YES;
				CLANG_WARN_BLOCK_CAPTURE_AUTORELEASING = YES;
				CLANG_WARN_BOOL_CONVERSION = YES;
				CLANG_WARN_COMMA = YES;
				CLANG_WARN_CONSTANT_CONVERSION = YES;
				CLANG_WARN_DIRECT_OBJC_ISA_USAGE = YES_ERROR;
				CLANG_WARN_DOCUMENTATION_COMMENTS = YES;
				CLANG_WARN_EMPTY_BODY = YES;
				CLANG_WARN_ENUM_CONVERSION = YES;
				CLANG_WARN_INFINITE_RECURSION = YES;
				CLANG_WARN_INT_CONVERSION = YES;
				CLANG_WARN_NON_LITERAL_NULL_CONVERSION = YES;
				CLANG_WARN_OBJC_LITERAL_CONVERSION = YES;
				CLANG_WARN_OBJC_ROOT_CLASS = YES_ERROR;
				CLANG_WARN_RANGE_LOOP_ANALYSIS = YES;
				CLANG_WARN_STRICT_PROTOTYPES = YES;
				CLANG_WARN_SUSPICIOUS_MOVE = YES;
				CLANG_WARN_UNGUARDED_AVAILABILITY = YES_AGGRESSIVE;
				CLANG_WARN_UNREACHABLE_CODE = YES;
				CLANG_WARN__DUPLICATE_METHOD_MATCH = YES;
				CODE_SIGN_IDENTITY = "iPhone Developer";
				COPY_PHASE_STRIP = NO;
				DEBUG_INFORMATION_FORMAT = dwarf;
				ENABLE_STRICT_OBJC_MSGSEND = YES;
				ENABLE_TESTABILITY = YES;
				GCC_C_LANGUAGE_STANDARD = gnu11;
				GCC_DYNAMIC_NO_PIC = NO;
				GCC_NO_COMMON_BLOCKS = YES;
				GCC_OPTIMIZATION_LEVEL = 0;
				GCC_PREPROCESSOR_DEFINITIONS = (
					"DEBUG=1",
					"$(inherited)",
				);
				GCC_WARN_64_TO_32_BIT_CONVERSION = YES;
				GCC_WARN_ABOUT_RETURN_TYPE = YES_ERROR;
				GCC_WARN_UNDECLARED_SELECTOR = YES;
				GCC_WARN_UNINITIALIZED_AUTOS = YES_AGGRESSIVE;
				GCC_WARN_UNUSED_FUNCTION = YES;
				GCC_WARN_UNUSED_VARIABLE = YES;
				IPHONEOS_DEPLOYMENT_TARGET = 11.2;
				MTL_ENABLE_DEBUG_INFO = YES;
				ONLY_ACTIVE_ARCH = YES;
				SDKROOT = iphoneos;
				SWIFT_ACTIVE_COMPILATION_CONDITIONS = DEBUG;
				SWIFT_OPTIMIZATION_LEVEL = "-Onone";
			};
			name = Debug;
		};
		DDA8B0EE2050AAE200252025 /* Release */ = {
			isa = XCBuildConfiguration;
			buildSettings = {
				ALWAYS_SEARCH_USER_PATHS = NO;
				CLANG_ANALYZER_NONNULL = YES;
				CLANG_ANALYZER_NUMBER_OBJECT_CONVERSION = YES_AGGRESSIVE;
				CLANG_CXX_LANGUAGE_STANDARD = "gnu++14";
				CLANG_CXX_LIBRARY = "libc++";
				CLANG_ENABLE_MODULES = YES;
				CLANG_ENABLE_OBJC_ARC = YES;
				CLANG_WARN_BLOCK_CAPTURE_AUTORELEASING = YES;
				CLANG_WARN_BOOL_CONVERSION = YES;
				CLANG_WARN_COMMA = YES;
				CLANG_WARN_CONSTANT_CONVERSION = YES;
				CLANG_WARN_DIRECT_OBJC_ISA_USAGE = YES_ERROR;
				CLANG_WARN_DOCUMENTATION_COMMENTS = YES;
				CLANG_WARN_EMPTY_BODY = YES;
				CLANG_WARN_ENUM_CONVERSION = YES;
				CLANG_WARN_INFINITE_RECURSION = YES;
				CLANG_WARN_INT_CONVERSION = YES;
				CLANG_WARN_NON_LITERAL_NULL_CONVERSION = YES;
				CLANG_WARN_OBJC_LITERAL_CONVERSION = YES;
				CLANG_WARN_OBJC_ROOT_CLASS = YES_ERROR;
				CLANG_WARN_RANGE_LOOP_ANALYSIS = YES;
				CLANG_WARN_STRICT_PROTOTYPES = YES;
				CLANG_WARN_SUSPICIOUS_MOVE = YES;
				CLANG_WARN_UNGUARDED_AVAILABILITY = YES_AGGRESSIVE;
				CLANG_WARN_UNREACHABLE_CODE = YES;
				CLANG_WARN__DUPLICATE_METHOD_MATCH = YES;
				CODE_SIGN_IDENTITY = "iPhone Developer";
				COPY_PHASE_STRIP = NO;
				DEBUG_INFORMATION_FORMAT = "dwarf-with-dsym";
				ENABLE_NS_ASSERTIONS = NO;
				ENABLE_STRICT_OBJC_MSGSEND = YES;
				GCC_C_LANGUAGE_STANDARD = gnu11;
				GCC_NO_COMMON_BLOCKS = YES;
				GCC_WARN_64_TO_32_BIT_CONVERSION = YES;
				GCC_WARN_ABOUT_RETURN_TYPE = YES_ERROR;
				GCC_WARN_UNDECLARED_SELECTOR = YES;
				GCC_WARN_UNINITIALIZED_AUTOS = YES_AGGRESSIVE;
				GCC_WARN_UNUSED_FUNCTION = YES;
				GCC_WARN_UNUSED_VARIABLE = YES;
				IPHONEOS_DEPLOYMENT_TARGET = 11.2;
				MTL_ENABLE_DEBUG_INFO = NO;
				SDKROOT = iphoneos;
				SWIFT_OPTIMIZATION_LEVEL = "-Owholemodule";
				VALIDATE_PRODUCT = YES;
			};
			name = Release;
		};
		DDA8B0F02050AAE200252025 /* Debug */ = {
			isa = XCBuildConfiguration;
			buildSettings = {
				ASSETCATALOG_COMPILER_APPICON_NAME = AppIcon;
				CODE_SIGN_STYLE = Automatic;
				DEVELOPMENT_TEAM = R352MXT522;
				INFOPLIST_FILE = greatnumbergame/Info.plist;
				LD_RUNPATH_SEARCH_PATHS = "$(inherited) @executable_path/Frameworks";
				PRODUCT_BUNDLE_IDENTIFIER = com.cesarcasil.greatnumbergame;
				PRODUCT_NAME = "$(TARGET_NAME)";
				SWIFT_VERSION = 4.0;
				TARGETED_DEVICE_FAMILY = "1,2";
			};
			name = Debug;
		};
		DDA8B0F12050AAE200252025 /* Release */ = {
			isa = XCBuildConfiguration;
			buildSettings = {
				ASSETCATALOG_COMPILER_APPICON_NAME = AppIcon;
				CODE_SIGN_STYLE = Automatic;
				DEVELOPMENT_TEAM = R352MXT522;
				INFOPLIST_FILE = greatnumbergame/Info.plist;
				LD_RUNPATH_SEARCH_PATHS = "$(inherited) @executable_path/Frameworks";
				PRODUCT_BUNDLE_IDENTIFIER = com.cesarcasil.greatnumbergame;
				PRODUCT_NAME = "$(TARGET_NAME)";
				SWIFT_VERSION = 4.0;
				TARGETED_DEVICE_FAMILY = "1,2";
			};
			name = Release;
		};
		DDA8B0F32050AAE200252025 /* Debug */ = {
			isa = XCBuildConfiguration;
			buildSettings = {
				ALWAYS_EMBED_SWIFT_STANDARD_LIBRARIES = YES;
				BUNDLE_LOADER = "$(TEST_HOST)";
				CODE_SIGN_STYLE = Automatic;
				DEVELOPMENT_TEAM = R352MXT522;
				INFOPLIST_FILE = greatnumbergameTests/Info.plist;
				LD_RUNPATH_SEARCH_PATHS = "$(inherited) @executable_path/Frameworks @loader_path/Frameworks";
				PRODUCT_BUNDLE_IDENTIFIER = com.cesarcasil.greatnumbergameTests;
				PRODUCT_NAME = "$(TARGET_NAME)";
				SWIFT_VERSION = 4.0;
				TARGETED_DEVICE_FAMILY = "1,2";
				TEST_HOST = "$(BUILT_PRODUCTS_DIR)/greatnumbergame.app/greatnumbergame";
			};
			name = Debug;
		};
		DDA8B0F42050AAE200252025 /* Release */ = {
			isa = XCBuildConfiguration;
			buildSettings = {
				ALWAYS_EMBED_SWIFT_STANDARD_LIBRARIES = YES;
				BUNDLE_LOADER = "$(TEST_HOST)";
				CODE_SIGN_STYLE = Automatic;
				DEVELOPMENT_TEAM = R352MXT522;
				INFOPLIST_FILE = greatnumbergameTests/Info.plist;
				LD_RUNPATH_SEARCH_PATHS = "$(inherited) @executable_path/Frameworks @loader_path/Frameworks";
				PRODUCT_BUNDLE_IDENTIFIER = com.cesarcasil.greatnumbergameTests;
				PRODUCT_NAME = "$(TARGET_NAME)";
				SWIFT_VERSION = 4.0;
				TARGETED_DEVICE_FAMILY = "1,2";
				TEST_HOST = "$(BUILT_PRODUCTS_DIR)/greatnumbergame.app/greatnumbergame";
			};
			name = Release;
		};
		DDA8B0F62050AAE200252025 /* Debug */ = {
			isa = XCBuildConfiguration;
			buildSettings = {
				ALWAYS_EMBED_SWIFT_STANDARD_LIBRARIES = YES;
				CODE_SIGN_STYLE = Automatic;
				DEVELOPMENT_TEAM = R352MXT522;
				INFOPLIST_FILE = greatnumbergameUITests/Info.plist;
				LD_RUNPATH_SEARCH_PATHS = "$(inherited) @executable_path/Frameworks @loader_path/Frameworks";
				PRODUCT_BUNDLE_IDENTIFIER = com.cesarcasil.greatnumbergameUITests;
				PRODUCT_NAME = "$(TARGET_NAME)";
				SWIFT_VERSION = 4.0;
				TARGETED_DEVICE_FAMILY = "1,2";
				TEST_TARGET_NAME = greatnumbergame;
			};
			name = Debug;
		};
		DDA8B0F72050AAE200252025 /* Release */ = {
			isa = XCBuildConfiguration;
			buildSettings = {
				ALWAYS_EMBED_SWIFT_STANDARD_LIBRARIES = YES;
				CODE_SIGN_STYLE = Automatic;
				DEVELOPMENT_TEAM = R352MXT522;
				INFOPLIST_FILE = greatnumbergameUITests/Info.plist;
				LD_RUNPATH_SEARCH_PATHS = "$(inherited) @executable_path/Frameworks @loader_path/Frameworks";
				PRODUCT_BUNDLE_IDENTIFIER = com.cesarcasil.greatnumbergameUITests;
				PRODUCT_NAME = "$(TARGET_NAME)";
				SWIFT_VERSION = 4.0;
				TARGETED_DEVICE_FAMILY = "1,2";
				TEST_TARGET_NAME = greatnumbergame;
			};
			name = Release;
		};
/* End XCBuildConfiguration section */

/* Begin XCConfigurationList section */
		DDA8B0C22050AAE200252025 /* Build configuration list for PBXProject "greatnumbergame" */ = {
			isa = XCConfigurationList;
			buildConfigurations = (
				DDA8B0ED2050AAE200252025 /* Debug */,
				DDA8B0EE2050AAE200252025 /* Release */,
			);
			defaultConfigurationIsVisible = 0;
			defaultConfigurationName = Release;
		};
		DDA8B0EF2050AAE200252025 /* Build configuration list for PBXNativeTarget "greatnumbergame" */ = {
			isa = XCConfigurationList;
			buildConfigurations = (
				DDA8B0F02050AAE200252025 /* Debug */,
				DDA8B0F12050AAE200252025 /* Release */,
			);
			defaultConfigurationIsVisible = 0;
			defaultConfigurationName = Release;
		};
		DDA8B0F22050AAE200252025 /* Build configuration list for PBXNativeTarget "greatnumbergameTests" */ = {
			isa = XCConfigurationList;
			buildConfigurations = (
				DDA8B0F32050AAE200252025 /* Debug */,
				DDA8B0F42050AAE200252025 /* Release */,
			);
			defaultConfigurationIsVisible = 0;
			defaultConfigurationName = Release;
		};
		DDA8B0F52050AAE200252025 /* Build configuration list for PBXNativeTarget "greatnumbergameUITests" */ = {
			isa = XCConfigurationList;
			buildConfigurations = (
				DDA8B0F62050AAE200252025 /* Debug */,
				DDA8B0F72050AAE200252025 /* Release */,
			);
			defaultConfigurationIsVisible = 0;
			defaultConfigurationName = Release;
		};
/* End XCConfigurationList section */
	};
	rootObject = DDA8B0BF2050AAE200252025 /* Project object */;
}
