// !$*UTF8*$!
{
	archiveVersion = 1;
	classes = {
	};
	objectVersion = 48;
	objects = {

/* Begin PBXBuildFile section */
		DD508B8120510E2F00E57F56 /* AppDelegate.swift in Sources */ = {isa = PBXBuildFile; fileRef = DD508B8020510E2F00E57F56 /* AppDelegate.swift */; };
		DD508B8320510E2F00E57F56 /* ViewController.swift in Sources */ = {isa = PBXBuildFile; fileRef = DD508B8220510E2F00E57F56 /* ViewController.swift */; };
		DD508B8620510E2F00E57F56 /* Main.storyboard in Resources */ = {isa = PBXBuildFile; fileRef = DD508B8420510E2F00E57F56 /* Main.storyboard */; };
		DD508B8820510E2F00E57F56 /* Assets.xcassets in Resources */ = {isa = PBXBuildFile; fileRef = DD508B8720510E2F00E57F56 /* Assets.xcassets */; };
		DD508B8B20510E2F00E57F56 /* LaunchScreen.storyboard in Resources */ = {isa = PBXBuildFile; fileRef = DD508B8920510E2F00E57F56 /* LaunchScreen.storyboard */; };
		DD508B9620510E3000E57F56 /* tictactoeTests.swift in Sources */ = {isa = PBXBuildFile; fileRef = DD508B9520510E3000E57F56 /* tictactoeTests.swift */; };
		DD508BA120510E3000E57F56 /* tictactoeUITests.swift in Sources */ = {isa = PBXBuildFile; fileRef = DD508BA020510E3000E57F56 /* tictactoeUITests.swift */; };
/* End PBXBuildFile section */

/* Begin PBXContainerItemProxy section */
		DD508B9220510E3000E57F56 /* PBXContainerItemProxy */ = {
			isa = PBXContainerItemProxy;
			containerPortal = DD508B7520510E2F00E57F56 /* Project object */;
			proxyType = 1;
			remoteGlobalIDString = DD508B7C20510E2F00E57F56;
			remoteInfo = tictactoe;
		};
		DD508B9D20510E3000E57F56 /* PBXContainerItemProxy */ = {
			isa = PBXContainerItemProxy;
			containerPortal = DD508B7520510E2F00E57F56 /* Project object */;
			proxyType = 1;
			remoteGlobalIDString = DD508B7C20510E2F00E57F56;
			remoteInfo = tictactoe;
		};
/* End PBXContainerItemProxy section */

/* Begin PBXFileReference section */
		DD508B7D20510E2F00E57F56 /* tictactoe.app */ = {isa = PBXFileReference; explicitFileType = wrapper.application; includeInIndex = 0; path = tictactoe.app; sourceTree = BUILT_PRODUCTS_DIR; };
		DD508B8020510E2F00E57F56 /* AppDelegate.swift */ = {isa = PBXFileReference; lastKnownFileType = sourcecode.swift; path = AppDelegate.swift; sourceTree = "<group>"; };
		DD508B8220510E2F00E57F56 /* ViewController.swift */ = {isa = PBXFileReference; lastKnownFileType = sourcecode.swift; path = ViewController.swift; sourceTree = "<group>"; };
		DD508B8520510E2F00E57F56 /* Base */ = {isa = PBXFileReference; lastKnownFileType = file.storyboard; name = Base; path = Base.lproj/Main.storyboard; sourceTree = "<group>"; };
		DD508B8720510E2F00E57F56 /* Assets.xcassets */ = {isa = PBXFileReference; lastKnownFileType = folder.assetcatalog; path = Assets.xcassets; sourceTree = "<group>"; };
		DD508B8A20510E2F00E57F56 /* Base */ = {isa = PBXFileReference; lastKnownFileType = file.storyboard; name = Base; path = Base.lproj/LaunchScreen.storyboard; sourceTree = "<group>"; };
		DD508B8C20510E2F00E57F56 /* Info.plist */ = {isa = PBXFileReference; lastKnownFileType = text.plist.xml; path = Info.plist; sourceTree = "<group>"; };
		DD508B9120510E2F00E57F56 /* tictactoeTests.xctest */ = {isa = PBXFileReference; explicitFileType = wrapper.cfbundle; includeInIndex = 0; path = tictactoeTests.xctest; sourceTree = BUILT_PRODUCTS_DIR; };
		DD508B9520510E3000E57F56 /* tictactoeTests.swift */ = {isa = PBXFileReference; lastKnownFileType = sourcecode.swift; path = tictactoeTests.swift; sourceTree = "<group>"; };
		DD508B9720510E3000E57F56 /* Info.plist */ = {isa = PBXFileReference; lastKnownFileType = text.plist.xml; path = Info.plist; sourceTree = "<group>"; };
		DD508B9C20510E3000E57F56 /* tictactoeUITests.xctest */ = {isa = PBXFileReference; explicitFileType = wrapper.cfbundle; includeInIndex = 0; path = tictactoeUITests.xctest; sourceTree = BUILT_PRODUCTS_DIR; };
		DD508BA020510E3000E57F56 /* tictactoeUITests.swift */ = {isa = PBXFileReference; lastKnownFileType = sourcecode.swift; path = tictactoeUITests.swift; sourceTree = "<group>"; };
		DD508BA220510E3000E57F56 /* Info.plist */ = {isa = PBXFileReference; lastKnownFileType = text.plist.xml; path = Info.plist; sourceTree = "<group>"; };
/* End PBXFileReference section */

/* Begin PBXFrameworksBuildPhase section */
		DD508B7A20510E2F00E57F56 /* Frameworks */ = {
			isa = PBXFrameworksBuildPhase;
			buildActionMask = 2147483647;
			files = (
			);
			runOnlyForDeploymentPostprocessing = 0;
		};
		DD508B8E20510E2F00E57F56 /* Frameworks */ = {
			isa = PBXFrameworksBuildPhase;
			buildActionMask = 2147483647;
			files = (
			);
			runOnlyForDeploymentPostprocessing = 0;
		};
		DD508B9920510E3000E57F56 /* Frameworks */ = {
			isa = PBXFrameworksBuildPhase;
			buildActionMask = 2147483647;
			files = (
			);
			runOnlyForDeploymentPostprocessing = 0;
		};
/* End PBXFrameworksBuildPhase section */

/* Begin PBXGroup section */
		DD508B7420510E2F00E57F56 = {
			isa = PBXGroup;
			children = (
				DD508B7F20510E2F00E57F56 /* tictactoe */,
				DD508B9420510E3000E57F56 /* tictactoeTests */,
				DD508B9F20510E3000E57F56 /* tictactoeUITests */,
				DD508B7E20510E2F00E57F56 /* Products */,
			);
			sourceTree = "<group>";
		};
		DD508B7E20510E2F00E57F56 /* Products */ = {
			isa = PBXGroup;
			children = (
				DD508B7D20510E2F00E57F56 /* tictactoe.app */,
				DD508B9120510E2F00E57F56 /* tictactoeTests.xctest */,
				DD508B9C20510E3000E57F56 /* tictactoeUITests.xctest */,
			);
			name = Products;
			sourceTree = "<group>";
		};
		DD508B7F20510E2F00E57F56 /* tictactoe */ = {
			isa = PBXGroup;
			children = (
				DD508B8020510E2F00E57F56 /* AppDelegate.swift */,
				DD508B8220510E2F00E57F56 /* ViewController.swift */,
				DD508B8420510E2F00E57F56 /* Main.storyboard */,
				DD508B8720510E2F00E57F56 /* Assets.xcassets */,
				DD508B8920510E2F00E57F56 /* LaunchScreen.storyboard */,
				DD508B8C20510E2F00E57F56 /* Info.plist */,
			);
			path = tictactoe;
			sourceTree = "<group>";
		};
		DD508B9420510E3000E57F56 /* tictactoeTests */ = {
			isa = PBXGroup;
			children = (
				DD508B9520510E3000E57F56 /* tictactoeTests.swift */,
				DD508B9720510E3000E57F56 /* Info.plist */,
			);
			path = tictactoeTests;
			sourceTree = "<group>";
		};
		DD508B9F20510E3000E57F56 /* tictactoeUITests */ = {
			isa = PBXGroup;
			children = (
				DD508BA020510E3000E57F56 /* tictactoeUITests.swift */,
				DD508BA220510E3000E57F56 /* Info.plist */,
			);
			path = tictactoeUITests;
			sourceTree = "<group>";
		};
/* End PBXGroup section */

/* Begin PBXNativeTarget section */
		DD508B7C20510E2F00E57F56 /* tictactoe */ = {
			isa = PBXNativeTarget;
			buildConfigurationList = DD508BA520510E3000E57F56 /* Build configuration list for PBXNativeTarget "tictactoe" */;
			buildPhases = (
				DD508B7920510E2F00E57F56 /* Sources */,
				DD508B7A20510E2F00E57F56 /* Frameworks */,
				DD508B7B20510E2F00E57F56 /* Resources */,
			);
			buildRules = (
			);
			dependencies = (
			);
			name = tictactoe;
			productName = tictactoe;
			productReference = DD508B7D20510E2F00E57F56 /* tictactoe.app */;
			productType = "com.apple.product-type.application";
		};
		DD508B9020510E2F00E57F56 /* tictactoeTests */ = {
			isa = PBXNativeTarget;
			buildConfigurationList = DD508BA820510E3000E57F56 /* Build configuration list for PBXNativeTarget "tictactoeTests" */;
			buildPhases = (
				DD508B8D20510E2F00E57F56 /* Sources */,
				DD508B8E20510E2F00E57F56 /* Frameworks */,
				DD508B8F20510E2F00E57F56 /* Resources */,
			);
			buildRules = (
			);
			dependencies = (
				DD508B9320510E3000E57F56 /* PBXTargetDependency */,
			);
			name = tictactoeTests;
			productName = tictactoeTests;
			productReference = DD508B9120510E2F00E57F56 /* tictactoeTests.xctest */;
			productType = "com.apple.product-type.bundle.unit-test";
		};
		DD508B9B20510E3000E57F56 /* tictactoeUITests */ = {
			isa = PBXNativeTarget;
			buildConfigurationList = DD508BAB20510E3000E57F56 /* Build configuration list for PBXNativeTarget "tictactoeUITests" */;
			buildPhases = (
				DD508B9820510E3000E57F56 /* Sources */,
				DD508B9920510E3000E57F56 /* Frameworks */,
				DD508B9A20510E3000E57F56 /* Resources */,
			);
			buildRules = (
			);
			dependencies = (
				DD508B9E20510E3000E57F56 /* PBXTargetDependency */,
			);
			name = tictactoeUITests;
			productName = tictactoeUITests;
			productReference = DD508B9C20510E3000E57F56 /* tictactoeUITests.xctest */;
			productType = "com.apple.product-type.bundle.ui-testing";
		};
/* End PBXNativeTarget section */

/* Begin PBXProject section */
		DD508B7520510E2F00E57F56 /* Project object */ = {
			isa = PBXProject;
			attributes = {
				LastSwiftUpdateCheck = 0920;
				LastUpgradeCheck = 0920;
				ORGANIZATIONNAME = "Cesar Casil";
				TargetAttributes = {
					DD508B7C20510E2F00E57F56 = {
						CreatedOnToolsVersion = 9.2;
						ProvisioningStyle = Automatic;
					};
					DD508B9020510E2F00E57F56 = {
						CreatedOnToolsVersion = 9.2;
						ProvisioningStyle = Automatic;
						TestTargetID = DD508B7C20510E2F00E57F56;
					};
					DD508B9B20510E3000E57F56 = {
						CreatedOnToolsVersion = 9.2;
						ProvisioningStyle = Automatic;
						TestTargetID = DD508B7C20510E2F00E57F56;
					};
				};
			};
			buildConfigurationList = DD508B7820510E2F00E57F56 /* Build configuration list for PBXProject "tictactoe" */;
			compatibilityVersion = "Xcode 8.0";
			developmentRegion = en;
			hasScannedForEncodings = 0;
			knownRegions = (
				en,
				Base,
			);
			mainGroup = DD508B7420510E2F00E57F56;
			productRefGroup = DD508B7E20510E2F00E57F56 /* Products */;
			projectDirPath = "";
			projectRoot = "";
			targets = (
				DD508B7C20510E2F00E57F56 /* tictactoe */,
				DD508B9020510E2F00E57F56 /* tictactoeTests */,
				DD508B9B20510E3000E57F56 /* tictactoeUITests */,
			);
		};
/* End PBXProject section */

/* Begin PBXResourcesBuildPhase section */
		DD508B7B20510E2F00E57F56 /* Resources */ = {
			isa = PBXResourcesBuildPhase;
			buildActionMask = 2147483647;
			files = (
				DD508B8B20510E2F00E57F56 /* LaunchScreen.storyboard in Resources */,
				DD508B8820510E2F00E57F56 /* Assets.xcassets in Resources */,
				DD508B8620510E2F00E57F56 /* Main.storyboard in Resources */,
			);
			runOnlyForDeploymentPostprocessing = 0;
		};
		DD508B8F20510E2F00E57F56 /* Resources */ = {
			isa = PBXResourcesBuildPhase;
			buildActionMask = 2147483647;
			files = (
			);
			runOnlyForDeploymentPostprocessing = 0;
		};
		DD508B9A20510E3000E57F56 /* Resources */ = {
			isa = PBXResourcesBuildPhase;
			buildActionMask = 2147483647;
			files = (
			);
			runOnlyForDeploymentPostprocessing = 0;
		};
/* End PBXResourcesBuildPhase section */

/* Begin PBXSourcesBuildPhase section */
		DD508B7920510E2F00E57F56 /* Sources */ = {
			isa = PBXSourcesBuildPhase;
			buildActionMask = 2147483647;
			files = (
				DD508B8320510E2F00E57F56 /* ViewController.swift in Sources */,
				DD508B8120510E2F00E57F56 /* AppDelegate.swift in Sources */,
			);
			runOnlyForDeploymentPostprocessing = 0;
		};
		DD508B8D20510E2F00E57F56 /* Sources */ = {
			isa = PBXSourcesBuildPhase;
			buildActionMask = 2147483647;
			files = (
				DD508B9620510E3000E57F56 /* tictactoeTests.swift in Sources */,
			);
			runOnlyForDeploymentPostprocessing = 0;
		};
		DD508B9820510E3000E57F56 /* Sources */ = {
			isa = PBXSourcesBuildPhase;
			buildActionMask = 2147483647;
			files = (
				DD508BA120510E3000E57F56 /* tictactoeUITests.swift in Sources */,
			);
			runOnlyForDeploymentPostprocessing = 0;
		};
/* End PBXSourcesBuildPhase section */

/* Begin PBXTargetDependency section */
		DD508B9320510E3000E57F56 /* PBXTargetDependency */ = {
			isa = PBXTargetDependency;
			target = DD508B7C20510E2F00E57F56 /* tictactoe */;
			targetProxy = DD508B9220510E3000E57F56 /* PBXContainerItemProxy */;
		};
		DD508B9E20510E3000E57F56 /* PBXTargetDependency */ = {
			isa = PBXTargetDependency;
			target = DD508B7C20510E2F00E57F56 /* tictactoe */;
			targetProxy = DD508B9D20510E3000E57F56 /* PBXContainerItemProxy */;
		};
/* End PBXTargetDependency section */

/* Begin PBXVariantGroup section */
		DD508B8420510E2F00E57F56 /* Main.storyboard */ = {
			isa = PBXVariantGroup;
			children = (
				DD508B8520510E2F00E57F56 /* Base */,
			);
			name = Main.storyboard;
			sourceTree = "<group>";
		};
		DD508B8920510E2F00E57F56 /* LaunchScreen.storyboard */ = {
			isa = PBXVariantGroup;
			children = (
				DD508B8A20510E2F00E57F56 /* Base */,
			);
			name = LaunchScreen.storyboard;
			sourceTree = "<group>";
		};
/* End PBXVariantGroup section */

/* Begin XCBuildConfiguration section */
		DD508BA320510E3000E57F56 /* Debug */ = {
			isa = XCBuildConfiguration;
			buildSettings = {
				ALWAYS_SEARCH_USER_PATHS = NO;
				CLANG_ANALYZER_NONNULL = YES;
				CLANG_ANALYZER_NUMBER_OBJECT_CONVERSION = YES_AGGRESSIVE;
				CLANG_CXX_LANGUAGE_STANDARD = "gnu++14";
				CLANG_CXX_LIBRARY = "libc++";
				CLANG_ENABLE_MODULES = YES;
				CLANG_ENABLE_OBJC_ARC = YES;
				CLANG_WARN_BLOCK_CAPTURE_AUTORELEASING = YES;
				CLANG_WARN_BOOL_CONVERSION = YES;
				CLANG_WARN_COMMA = YES;
				CLANG_WARN_CONSTANT_CONVERSION = YES;
				CLANG_WARN_DIRECT_OBJC_ISA_USAGE = YES_ERROR;
				CLANG_WARN_DOCUMENTATION_COMMENTS = YES;
				CLANG_WARN_EMPTY_BODY = YES;
				CLANG_WARN_ENUM_CONVERSION = YES;
				CLANG_WARN_INFINITE_RECURSION = YES;
				CLANG_WARN_INT_CONVERSION = YES;
				CLANG_WARN_NON_LITERAL_NULL_CONVERSION = YES;
				CLANG_WARN_OBJC_LITERAL_CONVERSION = YES;
				CLANG_WARN_OBJC_ROOT_CLASS = YES_ERROR;
				CLANG_WARN_RANGE_LOOP_ANALYSIS = YES;
				CLANG_WARN_STRICT_PROTOTYPES = YES;
				CLANG_WARN_SUSPICIOUS_MOVE = YES;
				CLANG_WARN_UNGUARDED_AVAILABILITY = YES_AGGRESSIVE;
				CLANG_WARN_UNREACHABLE_CODE = YES;
				CLANG_WARN__DUPLICATE_METHOD_MATCH = YES;
				CODE_SIGN_IDENTITY = "iPhone Developer";
				COPY_PHASE_STRIP = NO;
				DEBUG_INFORMATION_FORMAT = dwarf;
				ENABLE_STRICT_OBJC_MSGSEND = YES;
				ENABLE_TESTABILITY = YES;
				GCC_C_LANGUAGE_STANDARD = gnu11;
				GCC_DYNAMIC_NO_PIC = NO;
				GCC_NO_COMMON_BLOCKS = YES;
				GCC_OPTIMIZATION_LEVEL = 0;
				GCC_PREPROCESSOR_DEFINITIONS = (
					"DEBUG=1",
					"$(inherited)",
				);
				GCC_WARN_64_TO_32_BIT_CONVERSION = YES;
				GCC_WARN_ABOUT_RETURN_TYPE = YES_ERROR;
				GCC_WARN_UNDECLARED_SELECTOR = YES;
				GCC_WARN_UNINITIALIZED_AUTOS = YES_AGGRESSIVE;
				GCC_WARN_UNUSED_FUNCTION = YES;
				GCC_WARN_UNUSED_VARIABLE = YES;
				IPHONEOS_DEPLOYMENT_TARGET = 11.2;
				MTL_ENABLE_DEBUG_INFO = YES;
				ONLY_ACTIVE_ARCH = YES;
				SDKROOT = iphoneos;
				SWIFT_ACTIVE_COMPILATION_CONDITIONS = DEBUG;
				SWIFT_OPTIMIZATION_LEVEL = "-Onone";
			};
			name = Debug;
		};
		DD508BA420510E3000E57F56 /* Release */ = {
			isa = XCBuildConfiguration;
			buildSettings = {
				ALWAYS_SEARCH_USER_PATHS = NO;
				CLANG_ANALYZER_NONNULL = YES;
				CLANG_ANALYZER_NUMBER_OBJECT_CONVERSION = YES_AGGRESSIVE;
				CLANG_CXX_LANGUAGE_STANDARD = "gnu++14";
				CLANG_CXX_LIBRARY = "libc++";
				CLANG_ENABLE_MODULES = YES;
				CLANG_ENABLE_OBJC_ARC = YES;
				CLANG_WARN_BLOCK_CAPTURE_AUTORELEASING = YES;
				CLANG_WARN_BOOL_CONVERSION = YES;
				CLANG_WARN_COMMA = YES;
				CLANG_WARN_CONSTANT_CONVERSION = YES;
				CLANG_WARN_DIRECT_OBJC_ISA_USAGE = YES_ERROR;
				CLANG_WARN_DOCUMENTATION_COMMENTS = YES;
				CLANG_WARN_EMPTY_BODY = YES;
				CLANG_WARN_ENUM_CONVERSION = YES;
				CLANG_WARN_INFINITE_RECURSION = YES;
				CLANG_WARN_INT_CONVERSION = YES;
				CLANG_WARN_NON_LITERAL_NULL_CONVERSION = YES;
				CLANG_WARN_OBJC_LITERAL_CONVERSION = YES;
				CLANG_WARN_OBJC_ROOT_CLASS = YES_ERROR;
				CLANG_WARN_RANGE_LOOP_ANALYSIS = YES;
				CLANG_WARN_STRICT_PROTOTYPES = YES;
				CLANG_WARN_SUSPICIOUS_MOVE = YES;
				CLANG_WARN_UNGUARDED_AVAILABILITY = YES_AGGRESSIVE;
				CLANG_WARN_UNREACHABLE_CODE = YES;
				CLANG_WARN__DUPLICATE_METHOD_MATCH = YES;
				CODE_SIGN_IDENTITY = "iPhone Developer";
				COPY_PHASE_STRIP = NO;
				DEBUG_INFORMATION_FORMAT = "dwarf-with-dsym";
				ENABLE_NS_ASSERTIONS = NO;
				ENABLE_STRICT_OBJC_MSGSEND = YES;
				GCC_C_LANGUAGE_STANDARD = gnu11;
				GCC_NO_COMMON_BLOCKS = YES;
				GCC_WARN_64_TO_32_BIT_CONVERSION = YES;
				GCC_WARN_ABOUT_RETURN_TYPE = YES_ERROR;
				GCC_WARN_UNDECLARED_SELECTOR = YES;
				GCC_WARN_UNINITIALIZED_AUTOS = YES_AGGRESSIVE;
				GCC_WARN_UNUSED_FUNCTION = YES;
				GCC_WARN_UNUSED_VARIABLE = YES;
				IPHONEOS_DEPLOYMENT_TARGET = 11.2;
				MTL_ENABLE_DEBUG_INFO = NO;
				SDKROOT = iphoneos;
				SWIFT_OPTIMIZATION_LEVEL = "-Owholemodule";
				VALIDATE_PRODUCT = YES;
			};
			name = Release;
		};
		DD508BA620510E3000E57F56 /* Debug */ = {
			isa = XCBuildConfiguration;
			buildSettings = {
				ASSETCATALOG_COMPILER_APPICON_NAME = AppIcon;
				CODE_SIGN_STYLE = Automatic;
				DEVELOPMENT_TEAM = R352MXT522;
				INFOPLIST_FILE = tictactoe/Info.plist;
				LD_RUNPATH_SEARCH_PATHS = "$(inherited) @executable_path/Frameworks";
				PRODUCT_BUNDLE_IDENTIFIER = com.cesarcasil.tictactoe;
				PRODUCT_NAME = "$(TARGET_NAME)";
				SWIFT_VERSION = 4.0;
				TARGETED_DEVICE_FAMILY = "1,2";
			};
			name = Debug;
		};
		DD508BA720510E3000E57F56 /* Release */ = {
			isa = XCBuildConfiguration;
			buildSettings = {
				ASSETCATALOG_COMPILER_APPICON_NAME = AppIcon;
				CODE_SIGN_STYLE = Automatic;
				DEVELOPMENT_TEAM = R352MXT522;
				INFOPLIST_FILE = tictactoe/Info.plist;
				LD_RUNPATH_SEARCH_PATHS = "$(inherited) @executable_path/Frameworks";
				PRODUCT_BUNDLE_IDENTIFIER = com.cesarcasil.tictactoe;
				PRODUCT_NAME = "$(TARGET_NAME)";
				SWIFT_VERSION = 4.0;
				TARGETED_DEVICE_FAMILY = "1,2";
			};
			name = Release;
		};
		DD508BA920510E3000E57F56 /* Debug */ = {
			isa = XCBuildConfiguration;
			buildSettings = {
				ALWAYS_EMBED_SWIFT_STANDARD_LIBRARIES = YES;
				BUNDLE_LOADER = "$(TEST_HOST)";
				CODE_SIGN_STYLE = Automatic;
				DEVELOPMENT_TEAM = R352MXT522;
				INFOPLIST_FILE = tictactoeTests/Info.plist;
				LD_RUNPATH_SEARCH_PATHS = "$(inherited) @executable_path/Frameworks @loader_path/Frameworks";
				PRODUCT_BUNDLE_IDENTIFIER = com.cesarcasil.tictactoeTests;
				PRODUCT_NAME = "$(TARGET_NAME)";
				SWIFT_VERSION = 4.0;
				TARGETED_DEVICE_FAMILY = "1,2";
				TEST_HOST = "$(BUILT_PRODUCTS_DIR)/tictactoe.app/tictactoe";
			};
			name = Debug;
		};
		DD508BAA20510E3000E57F56 /* Release */ = {
			isa = XCBuildConfiguration;
			buildSettings = {
				ALWAYS_EMBED_SWIFT_STANDARD_LIBRARIES = YES;
				BUNDLE_LOADER = "$(TEST_HOST)";
				CODE_SIGN_STYLE = Automatic;
				DEVELOPMENT_TEAM = R352MXT522;
				INFOPLIST_FILE = tictactoeTests/Info.plist;
				LD_RUNPATH_SEARCH_PATHS = "$(inherited) @executable_path/Frameworks @loader_path/Frameworks";
				PRODUCT_BUNDLE_IDENTIFIER = com.cesarcasil.tictactoeTests;
				PRODUCT_NAME = "$(TARGET_NAME)";
				SWIFT_VERSION = 4.0;
				TARGETED_DEVICE_FAMILY = "1,2";
				TEST_HOST = "$(BUILT_PRODUCTS_DIR)/tictactoe.app/tictactoe";
			};
			name = Release;
		};
		DD508BAC20510E3000E57F56 /* Debug */ = {
			isa = XCBuildConfiguration;
			buildSettings = {
				ALWAYS_EMBED_SWIFT_STANDARD_LIBRARIES = YES;
				CODE_SIGN_STYLE = Automatic;
				DEVELOPMENT_TEAM = R352MXT522;
				INFOPLIST_FILE = tictactoeUITests/Info.plist;
				LD_RUNPATH_SEARCH_PATHS = "$(inherited) @executable_path/Frameworks @loader_path/Frameworks";
				PRODUCT_BUNDLE_IDENTIFIER = com.cesarcasil.tictactoeUITests;
				PRODUCT_NAME = "$(TARGET_NAME)";
				SWIFT_VERSION = 4.0;
				TARGETED_DEVICE_FAMILY = "1,2";
				TEST_TARGET_NAME = tictactoe;
			};
			name = Debug;
		};
		DD508BAD20510E3000E57F56 /* Release */ = {
			isa = XCBuildConfiguration;
			buildSettings = {
				ALWAYS_EMBED_SWIFT_STANDARD_LIBRARIES = YES;
				CODE_SIGN_STYLE = Automatic;
				DEVELOPMENT_TEAM = R352MXT522;
				INFOPLIST_FILE = tictactoeUITests/Info.plist;
				LD_RUNPATH_SEARCH_PATHS = "$(inherited) @executable_path/Frameworks @loader_path/Frameworks";
				PRODUCT_BUNDLE_IDENTIFIER = com.cesarcasil.tictactoeUITests;
				PRODUCT_NAME = "$(TARGET_NAME)";
				SWIFT_VERSION = 4.0;
				TARGETED_DEVICE_FAMILY = "1,2";
				TEST_TARGET_NAME = tictactoe;
			};
			name = Release;
		};
/* End XCBuildConfiguration section */

/* Begin XCConfigurationList section */
		DD508B7820510E2F00E57F56 /* Build configuration list for PBXProject "tictactoe" */ = {
			isa = XCConfigurationList;
			buildConfigurations = (
				DD508BA320510E3000E57F56 /* Debug */,
				DD508BA420510E3000E57F56 /* Release */,
			);
			defaultConfigurationIsVisible = 0;
			defaultConfigurationName = Release;
		};
		DD508BA520510E3000E57F56 /* Build configuration list for PBXNativeTarget "tictactoe" */ = {
			isa = XCConfigurationList;
			buildConfigurations = (
				DD508BA620510E3000E57F56 /* Debug */,
				DD508BA720510E3000E57F56 /* Release */,
			);
			defaultConfigurationIsVisible = 0;
			defaultConfigurationName = Release;
		};
		DD508BA820510E3000E57F56 /* Build configuration list for PBXNativeTarget "tictactoeTests" */ = {
			isa = XCConfigurationList;
			buildConfigurations = (
				DD508BA920510E3000E57F56 /* Debug */,
				DD508BAA20510E3000E57F56 /* Release */,
			);
			defaultConfigurationIsVisible = 0;
			defaultConfigurationName = Release;
		};
		DD508BAB20510E3000E57F56 /* Build configuration list for PBXNativeTarget "tictactoeUITests" */ = {
			isa = XCConfigurationList;
			buildConfigurations = (
				DD508BAC20510E3000E57F56 /* Debug */,
				DD508BAD20510E3000E57F56 /* Release */,
			);
			defaultConfigurationIsVisible = 0;
			defaultConfigurationName = Release;
		};
/* End XCConfigurationList section */
	};
	rootObject = DD508B7520510E2F00E57F56 /* Project object */;
}
